schema: '2.0'
stages:
  script1:
    cmd: python pipeline/preprocessing.py
    deps:
    - path: pipeline/preprocessing.py
      hash: md5
      md5: f0615fb99cc035a8b5246ef947bc3443
      size: 2926
    - path: pipeline/rejsekort_latest_year_daily_export.xlsx
      hash: md5
      md5: fc2ab81356cd3c1c765ffbbba3d1d464
      size: 13090
    outs:
    - path: data_cleaned.csv
      hash: md5
      md5: 512a68b770ea264ddb902682ac3d23f4
      size: 84017
  script2:
    cmd: python pipeline/selected_arima.py
    deps:
    - path: data_cleaned.csv
      hash: md5
      md5: 3cc90a0b0c86e1e3c008e0babfe7e749
      size: 84043
    - path: pipeline/selected_arima.py
      hash: md5
      md5: 10f28716042d1520b5c0b509a1672511
      size: 3726
  script3:
    cmd: python pipeline/autoarima.py
    deps:
    - path: data_cleaned.csv
      hash: md5
      md5: 3cc90a0b0c86e1e3c008e0babfe7e749
      size: 84043
    - path: pipeline/autoarima.py
      hash: md5
      md5: e02450c7c6ac50f70526821cffcb551d
      size: 4334
  script4:
    cmd: python pipeline/prophet_model.py
    deps:
    - path: data_cleaned.csv
      hash: md5
      md5: 3cc90a0b0c86e1e3c008e0babfe7e749
      size: 84043
    - path: pipeline/prophet_model.py
      hash: md5
      md5: 9ea4c5bda7d328c3b4735ae5a5cb9336
      size: 3416
  script5:
    cmd: python pipeline/BiLSTM.py
    deps:
    - path: data_cleaned.csv
      hash: md5
      md5: 3cc90a0b0c86e1e3c008e0babfe7e749
      size: 84043
    - path: pipeline/BiLSTM.py
      hash: md5
      md5: 292b026b47180e21991024c097d0c2d6
      size: 4704
  ingest:
    cmd: node pipeline/download-daily.js && python 
      pipeline/prepare_daily_ingest.py
    deps:
    - path: pipeline/download-daily.js
      hash: md5
      md5: a35aa372feb56599c5e0b2da474d6478
      size: 4470
    - path: pipeline/prepare_daily_ingest.py
      hash: md5
      md5: 021a45bb181237f328b01f9749136a8e
      size: 622
    outs:
    - path: Data(update).xlsx
      hash: md5
      md5: 899e2c98fbb721affef5fb3c27ae6c80
      size: 13090
    - path: pipeline/rejsekort_latest_year_daily_export.xlsx
      hash: md5
      md5: 899e2c98fbb721affef5fb3c27ae6c80
      size: 13090
  ingest_monthly_chart:
    cmd: node pipeline/download-monthly.js
    deps:
    - path: pipeline/download-monthly.js
      hash: md5
      md5: 15e9180e19ff9fa296c52cc8f011ea62
      size: 5986
    outs:
    - path: pipeline/rejsekort_monthly_chart_export.xlsx
      hash: md5
      md5: 63cbf04ac6208ae9af3f4ae37314fbef
      size: 5953
  ingest_monthly_extension:
    cmd: node "pipeline/download-mothly-script 2.js"
    deps:
    - path: pipeline/download-mothly-script 2.js
      hash: md5
      md5: 5ba2788aa6232be2e88b0a834b51dbd8
      size: 7419
    outs:
    - path: pipeline/rejsekort_monthly_export_extension_data.xlsx
      hash: md5
      md5: 43262da38d699e569b56fdb7c13b6f28
      size: 5953
  preprocess:
    cmd: python pipeline/preprocessing.py
    deps:
    - path: Data(update).xlsx
      hash: md5
      md5: 899e2c98fbb721affef5fb3c27ae6c80
      size: 13090
    - path: pipeline/preprocessing.py
      hash: md5
      md5: b4d7010be01d2b83e6def5f21453f92c
      size: 9491
    outs:
    - path: results/daily/data_cleaned.csv
      hash: md5
      md5: b51948cf900b8c5e6da44e3ab08e7058
      size: 99368
  selected_arima:
    cmd: python pipeline/selected_arima.py
    deps:
    - path: pipeline/forecast_utils.py
      hash: md5
      md5: deca8657c82917695a25a12e2b557691
      size: 3289
    - path: pipeline/selected_arima.py
      hash: md5
      md5: e7d6f761ee209d6c0b2db9c55229354f
      size: 2720
    - path: results/daily/data_cleaned.csv
      hash: md5
      md5: b51948cf900b8c5e6da44e3ab08e7058
      size: 99368
    outs:
    - path: results/daily/sarima_forecast.csv
      hash: md5
      md5: 8003f7bb07d41b1478a428a36ef216bf
      size: 736
    - path: results/daily/sarima_metrics.csv
      hash: md5
      md5: 33b04272958ef12fe102d99bf6ed6f47
      size: 109
  autoarima:
    cmd: python pipeline/autoarima.py
    deps:
    - path: pipeline/autoarima.py
      hash: md5
      md5: 9111789d97358a1a570b3591fc32fe43
      size: 2794
    - path: pipeline/forecast_utils.py
      hash: md5
      md5: deca8657c82917695a25a12e2b557691
      size: 3289
    - path: results/daily/data_cleaned.csv
      hash: md5
      md5: b51948cf900b8c5e6da44e3ab08e7058
      size: 99368
    outs:
    - path: results/daily/autoarima_forecast.csv
      hash: md5
      md5: 66a22c2a90c53b2150eae80551de5718
      size: 739
    - path: results/daily/autoarima_metrics.csv
      hash: md5
      md5: a59e0c2a8b579830b234bfe71ed827d2
      size: 114
  prophet:
    cmd: python pipeline/prophet_model.py
    deps:
    - path: pipeline/prophet_model.py
      hash: md5
      md5: 4afea19271cb9e49fc6ca4f8f66125ba
      size: 2329
    - path: results/daily/data_cleaned.csv
      hash: md5
      md5: b51948cf900b8c5e6da44e3ab08e7058
      size: 99368
    outs:
    - path: results/daily/prophet_forecast.csv
      hash: md5
      md5: 88b729753726b9a450a3d143e84d9839
      size: 900
    - path: results/daily/prophet_metrics.csv
      hash: md5
      md5: 99fabc4bf33ad47b1c97dd69cf99f224
      size: 109
  bilstm:
    cmd: python pipeline/BiLSTM.py
    deps:
    - path: pipeline/BiLSTM.py
      hash: md5
      md5: b1448c28ba37f2ef27c9c7a16c10202d
      size: 4821
    - path: results/daily/data_cleaned.csv
      hash: md5
      md5: b51948cf900b8c5e6da44e3ab08e7058
      size: 99368
    outs:
    - path: results/daily/bilstm_forecast.csv
      hash: md5
      md5: 50589c01656ca90e332440e5b07ef320
      size: 926
    - path: results/daily/bilstm_metrics.csv
      hash: md5
      md5: 0691413cbc5c0befe25970d673fae8f5
      size: 107
    - path: results/daily/bilstm_validation.png
      hash: md5
      md5: ae9b078a16b60883580319a305b617a6
      size: 546986
  monthly:
    cmd: node pipeline/download-monthly.js && node 
      "pipeline/download-mothly-script 2.js" && python 
      pipeline/monthly_forecast.py
    deps:
    - path: pipeline/download-monthly.js
      hash: md5
      md5: 5c16592edc7169238ea1357512bc2dc0
      size: 1199
    - path: pipeline/download-mothly-script 2.js
      hash: md5
      md5: d78e360dc16ce46f265dc6ee758b5535
      size: 3639
    - path: pipeline/forecast_utils.py
      hash: md5
      md5: deca8657c82917695a25a12e2b557691
      size: 3289
    - path: pipeline/monthly_forecast.py
      hash: md5
      md5: 4832350bd9554a198a11b7d50481fd42
      size: 12764
    outs:
    - path: pipeline/rejsekort_monthly_chart_export.xlsx
      hash: md5
      md5: b46b80b3c126660500623aa6bacbaa0d
      size: 8199
    - path: pipeline/rejsekort_monthly_export_extension_data.xlsx
      hash: md5
      md5: 2895a72736ab507830f44538f0fc5b89
      size: 5954
    - path: results/monthly/monthly_cleaned.csv
      hash: md5
      md5: 175b50f51b2fdf091757bc1aa2a72737
      size: 327
    - path: results/monthly/monthly_forecast.csv
      hash: md5
      md5: 906b0543346a3a49b6363fb2055c7589
      size: 1063
    - path: results/monthly/monthly_model_metrics.csv
      hash: md5
      md5: 1e8c91b4b9cdd756400ec38a0605cc7c
      size: 202
    - path: results/monthly/monthly_trends.png
      hash: md5
      md5: dcc22c1911472d0afa98547ff7f9af90
      size: 204468
  daily_forecast:
    cmd: python pipeline/daily_forecast.py
    deps:
    - path: pipeline/daily_forecast.py
      hash: md5
      md5: 40b3364a245db71a2c616b157d2f011c
      size: 9618
    - path: pipeline/forecast_utils.py
      hash: md5
      md5: deca8657c82917695a25a12e2b557691
      size: 3289
    - path: results/daily/autoarima_forecast.csv
      hash: md5
      md5: 66a22c2a90c53b2150eae80551de5718
      size: 739
    - path: results/daily/autoarima_metrics.csv
      hash: md5
      md5: a59e0c2a8b579830b234bfe71ed827d2
      size: 114
    - path: results/daily/bilstm_forecast.csv
      hash: md5
      md5: 50589c01656ca90e332440e5b07ef320
      size: 926
    - path: results/daily/bilstm_metrics.csv
      hash: md5
      md5: 0691413cbc5c0befe25970d673fae8f5
      size: 107
    - path: results/daily/data_cleaned.csv
      hash: md5
      md5: b51948cf900b8c5e6da44e3ab08e7058
      size: 99368
    - path: results/daily/prophet_forecast.csv
      hash: md5
      md5: 88b729753726b9a450a3d143e84d9839
      size: 900
    - path: results/daily/prophet_metrics.csv
      hash: md5
      md5: 99fabc4bf33ad47b1c97dd69cf99f224
      size: 109
    - path: results/daily/sarima_forecast.csv
      hash: md5
      md5: 8003f7bb07d41b1478a428a36ef216bf
      size: 736
    - path: results/daily/sarima_metrics.csv
      hash: md5
      md5: 33b04272958ef12fe102d99bf6ed6f47
      size: 109
    outs:
    - path: results/daily/daily_forecast.csv
      hash: md5
      md5: 66fbe92c4317d8b24f129fe2ac990741
      size: 2302
    - path: results/daily/daily_model_metrics.csv
      hash: md5
      md5: df17a2ec8d71c02d7ebf157d85bc6016
      size: 353
    - path: results/daily/daily_trends.png
      hash: md5
      md5: c53e34e18d97a7f12518d525d34fb2ac
      size: 537374
